
Microsoft Visual Studio Solution File, Format Version 12.00
# Visual Studio Version 17
VisualStudioVersion = 17.13.35806.99 d17.13
MinimumVisualStudioVersion = 10.0.40219.1
Project("{FAE04EC0-301F-11D3-BF4B-00C04F79EFBC}") = "UrlShortenerSystem", "UrlShortenerSystem\UrlShortenerSystem.csproj", "{D7B62BF4-B42A-4C82-985A-25781EA7682B}"
EndProject
Global
	GlobalSection(SolutionConfigurationPlatforms) = preSolution
		Debug|Any CPU = Debug|Any CPU
		Release|Any CPU = Release|Any CPU
	EndGlobalSection
	GlobalSection(ProjectConfigurationPlatforms) = postSolution
		{D7B62BF4-B42A-4C82-985A-25781EA7682B}.Debug|Any CPU.ActiveCfg = Debug|Any CPU
		{D7B62BF4-B42A-4C82-985A-25781EA7682B}.Debug|Any CPU.Build.0 = Debug|Any CPU
		{D7B62BF4-B42A-4C82-985A-25781EA7682B}.Release|Any CPU.ActiveCfg = Release|Any CPU
		{D7B62BF4-B42A-4C82-985A-25781EA7682B}.Release|Any CPU.Build.0 = Release|Any CPU
	EndGlobalSection
	GlobalSection(SolutionProperties) = preSolution
		HideSolutionNode = FALSE
	EndGlobalSection
	GlobalSection(ExtensibilityGlobals) = postSolution
		SolutionGuid = {5BD46BD3-A95B-4F2B-B8AD-3B2B3263282A}
	EndGlobalSection
EndGlobal
